
Microsoft Visual Studio Solution File, Format Version 12.00
# Visual Studio Version 17
VisualStudioVersion = 17.13.35806.99
MinimumVisualStudioVersion = 10.0.40219.1
Project("{2150E333-8FDC-42A3-9474-1A3956D46DE8}") = "src", "src", "{02EA681E-C7D8-13C7-8484-4AC65E1B71E8}"
EndProject
Project("{FAE04EC0-301F-11D3-BF4B-00C04F79EFBC}") = "Booking.Domain", "src\Booking.Domain\Booking.Domain.csproj", "{2B4A59D0-007B-4E0D-A217-A624DDD1E8A5}"
EndProject
Project("{FAE04EC0-301F-11D3-BF4B-00C04F79EFBC}") = "Booking.Application", "src\Booking.Application\Booking.Application.csproj", "{B9BDC19E-7CCF-4F2C-802F-D27FE85AD7D7}"
EndProject
Project("{FAE04EC0-301F-11D3-BF4B-00C04F79EFBC}") = "Booking.Infrastructure", "src\Booking.Infrastructure\Booking.Infrastructure.csproj", "{C92137EA-D692-4AA4-8731-88D579817027}"
EndProject
Project("{FAE04EC0-301F-11D3-BF4B-00C04F79EFBC}") = "Booking.API", "src\Booking.API\Booking.API.csproj", "{A2E1A200-3515-49C3-B1FA-52E2C2715460}"
EndProject
Project("{E53339B2-1760-4266-BCC7-CA923CBCF16C}") = "docker-compose", "docker-compose.dcproj", "{81DDED9D-158B-E303-5F62-77A2896D2A5A}"
EndProject
Project("{2150E333-8FDC-42A3-9474-1A3956D46DE8}") = "test", "test", "{4F1F759D-EA64-4CD1-BB52-DF7E5053E01C}"
EndProject
Project("{FAE04EC0-301F-11D3-BF4B-00C04F79EFBC}") = "Booking.Domain.UnitTests", "test\Booking.Domain.UnitTests\Booking.Domain.UnitTests.csproj", "{73DD5C2A-E327-4B51-97AC-21BBEDB1C21E}"
EndProject
Project("{FAE04EC0-301F-11D3-BF4B-00C04F79EFBC}") = "Booking.Application.UnitTests", "test\Booking.Application.UnitTests\Booking.Application.UnitTests.csproj", "{B3A90809-C657-48C2-B7EA-16979D957FE3}"
EndProject
Project("{FAE04EC0-301F-11D3-BF4B-00C04F79EFBC}") = "Booking.Application.IntegrationTests", "test\Booking.Application.IntegrationTests\Booking.Application.IntegrationTests.csproj", "{8C6F4A27-79DC-4966-8A1A-4573D318EBEB}"
EndProject
Global
	GlobalSection(SolutionConfigurationPlatforms) = preSolution
		Debug|Any CPU = Debug|Any CPU
		Release|Any CPU = Release|Any CPU
	EndGlobalSection
	GlobalSection(ProjectConfigurationPlatforms) = postSolution
		{2B4A59D0-007B-4E0D-A217-A624DDD1E8A5}.Debug|Any CPU.ActiveCfg = Debug|Any CPU
		{2B4A59D0-007B-4E0D-A217-A624DDD1E8A5}.Debug|Any CPU.Build.0 = Debug|Any CPU
		{2B4A59D0-007B-4E0D-A217-A624DDD1E8A5}.Release|Any CPU.ActiveCfg = Release|Any CPU
		{2B4A59D0-007B-4E0D-A217-A624DDD1E8A5}.Release|Any CPU.Build.0 = Release|Any CPU
		{B9BDC19E-7CCF-4F2C-802F-D27FE85AD7D7}.Debug|Any CPU.ActiveCfg = Debug|Any CPU
		{B9BDC19E-7CCF-4F2C-802F-D27FE85AD7D7}.Debug|Any CPU.Build.0 = Debug|Any CPU
		{B9BDC19E-7CCF-4F2C-802F-D27FE85AD7D7}.Release|Any CPU.ActiveCfg = Release|Any CPU
		{B9BDC19E-7CCF-4F2C-802F-D27FE85AD7D7}.Release|Any CPU.Build.0 = Release|Any CPU
		{C92137EA-D692-4AA4-8731-88D579817027}.Debug|Any CPU.ActiveCfg = Debug|Any CPU
		{C92137EA-D692-4AA4-8731-88D579817027}.Debug|Any CPU.Build.0 = Debug|Any CPU
		{C92137EA-D692-4AA4-8731-88D579817027}.Release|Any CPU.ActiveCfg = Release|Any CPU
		{C92137EA-D692-4AA4-8731-88D579817027}.Release|Any CPU.Build.0 = Release|Any CPU
		{A2E1A200-3515-49C3-B1FA-52E2C2715460}.Debug|Any CPU.ActiveCfg = Debug|Any CPU
		{A2E1A200-3515-49C3-B1FA-52E2C2715460}.Debug|Any CPU.Build.0 = Debug|Any CPU
		{A2E1A200-3515-49C3-B1FA-52E2C2715460}.Release|Any CPU.ActiveCfg = Release|Any CPU
		{A2E1A200-3515-49C3-B1FA-52E2C2715460}.Release|Any CPU.Build.0 = Release|Any CPU
		{81DDED9D-158B-E303-5F62-77A2896D2A5A}.Debug|Any CPU.ActiveCfg = Debug|Any CPU
		{81DDED9D-158B-E303-5F62-77A2896D2A5A}.Debug|Any CPU.Build.0 = Debug|Any CPU
		{81DDED9D-158B-E303-5F62-77A2896D2A5A}.Release|Any CPU.ActiveCfg = Release|Any CPU
		{81DDED9D-158B-E303-5F62-77A2896D2A5A}.Release|Any CPU.Build.0 = Release|Any CPU
		{73DD5C2A-E327-4B51-97AC-21BBEDB1C21E}.Debug|Any CPU.ActiveCfg = Debug|Any CPU
		{73DD5C2A-E327-4B51-97AC-21BBEDB1C21E}.Debug|Any CPU.Build.0 = Debug|Any CPU
		{73DD5C2A-E327-4B51-97AC-21BBEDB1C21E}.Release|Any CPU.ActiveCfg = Release|Any CPU
		{73DD5C2A-E327-4B51-97AC-21BBEDB1C21E}.Release|Any CPU.Build.0 = Release|Any CPU
		{B3A90809-C657-48C2-B7EA-16979D957FE3}.Debug|Any CPU.ActiveCfg = Debug|Any CPU
		{B3A90809-C657-48C2-B7EA-16979D957FE3}.Debug|Any CPU.Build.0 = Debug|Any CPU
		{B3A90809-C657-48C2-B7EA-16979D957FE3}.Release|Any CPU.ActiveCfg = Release|Any CPU
		{B3A90809-C657-48C2-B7EA-16979D957FE3}.Release|Any CPU.Build.0 = Release|Any CPU
		{8C6F4A27-79DC-4966-8A1A-4573D318EBEB}.Debug|Any CPU.ActiveCfg = Debug|Any CPU
		{8C6F4A27-79DC-4966-8A1A-4573D318EBEB}.Debug|Any CPU.Build.0 = Debug|Any CPU
		{8C6F4A27-79DC-4966-8A1A-4573D318EBEB}.Release|Any CPU.ActiveCfg = Release|Any CPU
		{8C6F4A27-79DC-4966-8A1A-4573D318EBEB}.Release|Any CPU.Build.0 = Release|Any CPU
	EndGlobalSection
	GlobalSection(SolutionProperties) = preSolution
		HideSolutionNode = FALSE
	EndGlobalSection
	GlobalSection(NestedProjects) = preSolution
		{2B4A59D0-007B-4E0D-A217-A624DDD1E8A5} = {02EA681E-C7D8-13C7-8484-4AC65E1B71E8}
		{B9BDC19E-7CCF-4F2C-802F-D27FE85AD7D7} = {02EA681E-C7D8-13C7-8484-4AC65E1B71E8}
		{C92137EA-D692-4AA4-8731-88D579817027} = {02EA681E-C7D8-13C7-8484-4AC65E1B71E8}
		{A2E1A200-3515-49C3-B1FA-52E2C2715460} = {02EA681E-C7D8-13C7-8484-4AC65E1B71E8}
		{73DD5C2A-E327-4B51-97AC-21BBEDB1C21E} = {4F1F759D-EA64-4CD1-BB52-DF7E5053E01C}
		{B3A90809-C657-48C2-B7EA-16979D957FE3} = {4F1F759D-EA64-4CD1-BB52-DF7E5053E01C}
		{8C6F4A27-79DC-4966-8A1A-4573D318EBEB} = {4F1F759D-EA64-4CD1-BB52-DF7E5053E01C}
	EndGlobalSection
	GlobalSection(ExtensibilityGlobals) = postSolution
		SolutionGuid = {D76D6951-F50D-42A1-80EA-3E5D1D56D772}
	EndGlobalSection
EndGlobal
